
Microsoft Visual Studio Solution File, Format Version 12.00
# Visual Studio 14
VisualStudioVersion = 14.0.25123.0
MinimumVisualStudioVersion = 10.0.40219.1
Project("{FAE04EC0-301F-11D3-BF4B-00C04F79EFBC}") = "EnigmaKeeper", "EnigmaKeeper\EnigmaKeeper.csproj", "{6EAD6C4A-0194-4BB4-ACA9-234EA3978539}"
EndProject
Project("{FAE04EC0-301F-11D3-BF4B-00C04F79EFBC}") = "EnigmaKeeper.BL", "EnigmaKeeper.BL\EnigmaKeeper.BL.csproj", "{22D6FBFD-B752-446E-8FC0-2F87CDDC6090}"
EndProject
Global
	GlobalSection(SolutionConfigurationPlatforms) = preSolution
		Debug|Any CPU = Debug|Any CPU
		Release|Any CPU = Release|Any CPU
	EndGlobalSection
	GlobalSection(ProjectConfigurationPlatforms) = postSolution
		{6EAD6C4A-0194-4BB4-ACA9-234EA3978539}.Debug|Any CPU.ActiveCfg = Debug|Any CPU
		{6EAD6C4A-0194-4BB4-ACA9-234EA3978539}.Debug|Any CPU.Build.0 = Debug|Any CPU
		{6EAD6C4A-0194-4BB4-ACA9-234EA3978539}.Release|Any CPU.ActiveCfg = Release|Any CPU
		{6EAD6C4A-0194-4BB4-ACA9-234EA3978539}.Release|Any CPU.Build.0 = Release|Any CPU
		{22D6FBFD-B752-446E-8FC0-2F87CDDC6090}.Debug|Any CPU.ActiveCfg = Debug|Any CPU
		{22D6FBFD-B752-446E-8FC0-2F87CDDC6090}.Debug|Any CPU.Build.0 = Debug|Any CPU
		{22D6FBFD-B752-446E-8FC0-2F87CDDC6090}.Release|Any CPU.ActiveCfg = Release|Any CPU
		{22D6FBFD-B752-446E-8FC0-2F87CDDC6090}.Release|Any CPU.Build.0 = Release|Any CPU
	EndGlobalSection
	GlobalSection(SolutionProperties) = preSolution
		HideSolutionNode = FALSE
	EndGlobalSection
EndGlobal
